
Microsoft Visual Studio Solution File, Format Version 10.00
# Visual Studio 2008
Project("{FAE04EC0-301F-11D3-BF4B-00C04F79EFBC}") = "ArticleRecognize", "ArticleRecognize\ArticleRecognize.csproj", "{DB0307DF-C8C5-4570-A82B-7D3EB14160C4}"
EndProject
Global
	GlobalSection(SolutionConfigurationPlatforms) = preSolution
		Debug|Any CPU = Debug|Any CPU
		Release|Any CPU = Release|Any CPU
	EndGlobalSection
	GlobalSection(ProjectConfigurationPlatforms) = postSolution
		{DB0307DF-C8C5-4570-A82B-7D3EB14160C4}.Debug|Any CPU.ActiveCfg = Debug|Any CPU
		{DB0307DF-C8C5-4570-A82B-7D3EB14160C4}.Debug|Any CPU.Build.0 = Debug|Any CPU
		{DB0307DF-C8C5-4570-A82B-7D3EB14160C4}.Release|Any CPU.ActiveCfg = Release|Any CPU
		{DB0307DF-C8C5-4570-A82B-7D3EB14160C4}.Release|Any CPU.Build.0 = Release|Any CPU
	EndGlobalSection
	GlobalSection(SolutionProperties) = preSolution
		HideSolutionNode = FALSE
	EndGlobalSection
EndGlobal
