
Microsoft Visual Studio Solution File, Format Version 10.00
# Visual Studio 2008
Project("{FAE04EC0-301F-11D3-BF4B-00C04F79EFBC}") = "EnglishTest", "EnglishTest\EnglishTest.csproj", "{A7EA1B7B-7FCD-40EF-8CA3-34CCC2B11B58}"
EndProject
Project("{54435603-DBB4-11D2-8724-00A0C9A8B90C}") = "Setup1", "Setup1\Setup1.vdproj", "{960286B8-3128-4968-AB20-A9F7895A2757}"
EndProject
Global
	GlobalSection(SolutionConfigurationPlatforms) = preSolution
		Debug|Any CPU = Debug|Any CPU
		Release|Any CPU = Release|Any CPU
	EndGlobalSection
	GlobalSection(ProjectConfigurationPlatforms) = postSolution
		{A7EA1B7B-7FCD-40EF-8CA3-34CCC2B11B58}.Debug|Any CPU.ActiveCfg = Debug|Any CPU
		{A7EA1B7B-7FCD-40EF-8CA3-34CCC2B11B58}.Debug|Any CPU.Build.0 = Debug|Any CPU
		{A7EA1B7B-7FCD-40EF-8CA3-34CCC2B11B58}.Release|Any CPU.ActiveCfg = Release|Any CPU
		{A7EA1B7B-7FCD-40EF-8CA3-34CCC2B11B58}.Release|Any CPU.Build.0 = Release|Any CPU
		{960286B8-3128-4968-AB20-A9F7895A2757}.Debug|Any CPU.ActiveCfg = Debug
		{960286B8-3128-4968-AB20-A9F7895A2757}.Release|Any CPU.ActiveCfg = Release
		{960286B8-3128-4968-AB20-A9F7895A2757}.Release|Any CPU.Build.0 = Release
	EndGlobalSection
	GlobalSection(SolutionProperties) = preSolution
		HideSolutionNode = FALSE
	EndGlobalSection
EndGlobal
